
Microsoft Visual Studio Solution File, Format Version 12.00
# Visual Studio Version 17
VisualStudioVersion = 17.7.34221.43
MinimumVisualStudioVersion = 10.0.40219.1
Project("{FAE04EC0-301F-11D3-BF4B-00C04F79EFBC}") = "Olaru_Adeline_Lab1", "Olaru_Adeline_Lab1.csproj", "{D03B8DE2-62E1-43FD-BAA2-2C29E2D76A33}"
EndProject
Global
	GlobalSection(SolutionConfigurationPlatforms) = preSolution
		Debug|Any CPU = Debug|Any CPU
		Release|Any CPU = Release|Any CPU
	EndGlobalSection
	GlobalSection(ProjectConfigurationPlatforms) = postSolution
		{D03B8DE2-62E1-43FD-BAA2-2C29E2D76A33}.Debug|Any CPU.ActiveCfg = Debug|Any CPU
		{D03B8DE2-62E1-43FD-BAA2-2C29E2D76A33}.Debug|Any CPU.Build.0 = Debug|Any CPU
		{D03B8DE2-62E1-43FD-BAA2-2C29E2D76A33}.Release|Any CPU.ActiveCfg = Release|Any CPU
		{D03B8DE2-62E1-43FD-BAA2-2C29E2D76A33}.Release|Any CPU.Build.0 = Release|Any CPU
	EndGlobalSection
	GlobalSection(SolutionProperties) = preSolution
		HideSolutionNode = FALSE
	EndGlobalSection
	GlobalSection(ExtensibilityGlobals) = postSolution
		SolutionGuid = {5285993F-AC5E-4272-860B-491F07B26178}
	EndGlobalSection
EndGlobal
